// !$*UTF8*$!
{
	archiveVersion = 1;
	classes = {
	};
	objectVersion = 48;
	objects = {

/* Begin PBXBuildFile section */
		D8D212EC9FA78396A8372755 /* libPods-MQX.a in Frameworks */ = {isa = PBXBuildFile; fileRef = 80EE210233C280BA3763F0E7 /* libPods-MQX.a */; };
		F46641E0204A972800DA4CCE /* YNCMqxViewController.m in Sources */ = {isa = PBXBuildFile; fileRef = F46641DF204A972800DA4CCE /* YNCMqxViewController.m */; };
		F46641E1204AA07400DA4CCE /* ABECam.framework in Frameworks */ = {isa = PBXBuildFile; fileRef = F482ACD5204A403300029E50 /* ABECam.framework */; };
		F46641E2204AA07400DA4CCE /* ABECam.framework in Embed Frameworks */ = {isa = PBXBuildFile; fileRef = F482ACD5204A403300029E50 /* ABECam.framework */; settings = {ATTRIBUTES = (CodeSignOnCopy, RemoveHeadersOnCopy, ); }; };
		F46641FB204AAC8400DA4CCE /* YNCCameraToolView.m in Sources */ = {isa = PBXBuildFile; fileRef = F46641FA204AAC8400DA4CCE /* YNCCameraToolView.m */; };
		F46641FE204AACA600DA4CCE /* YNCVideoTimeView.m in Sources */ = {isa = PBXBuildFile; fileRef = F46641FD204AACA600DA4CCE /* YNCVideoTimeView.m */; };
		F4664200204AACBD00DA4CCE /* YNCCameraToolView.xib in Resources */ = {isa = PBXBuildFile; fileRef = F46641FF204AACBD00DA4CCE /* YNCCameraToolView.xib */; };
		F4664202204AACCA00DA4CCE /* YNCVideoTimeView.xib in Resources */ = {isa = PBXBuildFile; fileRef = F4664201204AACC900DA4CCE /* YNCVideoTimeView.xib */; };
		F4664206204AAFE600DA4CCE /* UIButton+YNCButton.m in Sources */ = {isa = PBXBuildFile; fileRef = F4664204204AAFE600DA4CCE /* UIButton+YNCButton.m */; };
		F482ACDB204A6D1E00029E50 /* YNCConst.m in Sources */ = {isa = PBXBuildFile; fileRef = F482ACDA204A6D1E00029E50 /* YNCConst.m */; };
		F482ACEA204A72FC00029E50 /* YNCUtil.m in Sources */ = {isa = PBXBuildFile; fileRef = F482ACE9204A72FC00029E50 /* YNCUtil.m */; };
		F482ACEE204A78DA00029E50 /* YNCBaseNavigationControllerStack.m in Sources */ = {isa = PBXBuildFile; fileRef = F482ACED204A78DA00029E50 /* YNCBaseNavigationControllerStack.m */; };
		F482ACF3204A7C0800029E50 /* MainViewController.m in Sources */ = {isa = PBXBuildFile; fileRef = F482ACF2204A7C0800029E50 /* MainViewController.m */; };
		F482ACF6204A7C4D00029E50 /* YNCVideoPreviewViewController.m in Sources */ = {isa = PBXBuildFile; fileRef = F482ACF5204A7C4D00029E50 /* YNCVideoPreviewViewController.m */; };
		F482ACFA204A83B300029E50 /* YNCABECamManager.m in Sources */ = {isa = PBXBuildFile; fileRef = F482ACF9204A83B300029E50 /* YNCABECamManager.m */; };
		F4B7F5CA20463B8000B06CEE /* AppDelegate.m in Sources */ = {isa = PBXBuildFile; fileRef = F4B7F5C920463B8000B06CEE /* AppDelegate.m */; };
		F4B7F5D020463B8000B06CEE /* Main.storyboard in Resources */ = {isa = PBXBuildFile; fileRef = F4B7F5CE20463B8000B06CEE /* Main.storyboard */; };
		F4B7F5D220463B8000B06CEE /* Assets.xcassets in Resources */ = {isa = PBXBuildFile; fileRef = F4B7F5D120463B8000B06CEE /* Assets.xcassets */; };
		F4B7F5D520463B8000B06CEE /* LaunchScreen.storyboard in Resources */ = {isa = PBXBuildFile; fileRef = F4B7F5D320463B8000B06CEE /* LaunchScreen.storyboard */; };
		F4B7F5D820463B8000B06CEE /* main.m in Sources */ = {isa = PBXBuildFile; fileRef = F4B7F5D720463B8000B06CEE /* main.m */; };
		F4B7F5E220463B8000B06CEE /* MQXTests.m in Sources */ = {isa = PBXBuildFile; fileRef = F4B7F5E120463B8000B06CEE /* MQXTests.m */; };
		F4B7F5ED20463B8100B06CEE /* MQXUITests.m in Sources */ = {isa = PBXBuildFile; fileRef = F4B7F5EC20463B8100B06CEE /* MQXUITests.m */; };
/* End PBXBuildFile section */

/* Begin PBXContainerItemProxy section */
		F4B7F5DE20463B8000B06CEE /* PBXContainerItemProxy */ = {
			isa = PBXContainerItemProxy;
			containerPortal = F4B7F5BD20463B8000B06CEE /* Project object */;
			proxyType = 1;
			remoteGlobalIDString = F4B7F5C420463B8000B06CEE;
			remoteInfo = MQX;
		};
		F4B7F5E920463B8100B06CEE /* PBXContainerItemProxy */ = {
			isa = PBXContainerItemProxy;
			containerPortal = F4B7F5BD20463B8000B06CEE /* Project object */;
			proxyType = 1;
			remoteGlobalIDString = F4B7F5C420463B8000B06CEE;
			remoteInfo = MQX;
		};
/* End PBXContainerItemProxy section */

/* Begin PBXCopyFilesBuildPhase section */
		F46641E3204AA07500DA4CCE /* Embed Frameworks */ = {
			isa = PBXCopyFilesBuildPhase;
			buildActionMask = 2147483647;
			dstPath = "";
			dstSubfolderSpec = 10;
			files = (
				F46641E2204AA07400DA4CCE /* ABECam.framework in Embed Frameworks */,
			);
			name = "Embed Frameworks";
			runOnlyForDeploymentPostprocessing = 0;
		};
/* End PBXCopyFilesBuildPhase section */

/* Begin PBXFileReference section */
		412D59867CEB8D47C4686724 /* Pods-MQX.debug.xcconfig */ = {isa = PBXFileReference; includeInIndex = 1; lastKnownFileType = text.xcconfig; name = "Pods-MQX.debug.xcconfig"; path = "Pods/Target Support Files/Pods-MQX/Pods-MQX.debug.xcconfig"; sourceTree = "<group>"; };
		80EE210233C280BA3763F0E7 /* libPods-MQX.a */ = {isa = PBXFileReference; explicitFileType = archive.ar; includeInIndex = 0; path = "libPods-MQX.a"; sourceTree = BUILT_PRODUCTS_DIR; };
		88825A89DA548D527E95DEEC /* Pods-MQX.release.xcconfig */ = {isa = PBXFileReference; includeInIndex = 1; lastKnownFileType = text.xcconfig; name = "Pods-MQX.release.xcconfig"; path = "Pods/Target Support Files/Pods-MQX/Pods-MQX.release.xcconfig"; sourceTree = "<group>"; };
		F46641DE204A972800DA4CCE /* YNCMqxViewController.h */ = {isa = PBXFileReference; lastKnownFileType = sourcecode.c.h; path = YNCMqxViewController.h; sourceTree = "<group>"; };
		F46641DF204A972800DA4CCE /* YNCMqxViewController.m */ = {isa = PBXFileReference; lastKnownFileType = sourcecode.c.objc; path = YNCMqxViewController.m; sourceTree = "<group>"; };
		F46641F9204AAC8400DA4CCE /* YNCCameraToolView.h */ = {isa = PBXFileReference; lastKnownFileType = sourcecode.c.h; path = YNCCameraToolView.h; sourceTree = "<group>"; };
		F46641FA204AAC8400DA4CCE /* YNCCameraToolView.m */ = {isa = PBXFileReference; lastKnownFileType = sourcecode.c.objc; path = YNCCameraToolView.m; sourceTree = "<group>"; };
		F46641FC204AACA600DA4CCE /* YNCVideoTimeView.h */ = {isa = PBXFileReference; lastKnownFileType = sourcecode.c.h; path = YNCVideoTimeView.h; sourceTree = "<group>"; };
		F46641FD204AACA600DA4CCE /* YNCVideoTimeView.m */ = {isa = PBXFileReference; lastKnownFileType = sourcecode.c.objc; path = YNCVideoTimeView.m; sourceTree = "<group>"; };
		F46641FF204AACBD00DA4CCE /* YNCCameraToolView.xib */ = {isa = PBXFileReference; fileEncoding = 4; lastKnownFileType = file.xib; path = YNCCameraToolView.xib; sourceTree = "<group>"; };
		F4664201204AACC900DA4CCE /* YNCVideoTimeView.xib */ = {isa = PBXFileReference; fileEncoding = 4; lastKnownFileType = file.xib; path = YNCVideoTimeView.xib; sourceTree = "<group>"; };
		F4664204204AAFE600DA4CCE /* UIButton+YNCButton.m */ = {isa = PBXFileReference; fileEncoding = 4; lastKnownFileType = sourcecode.c.objc; path = "UIButton+YNCButton.m"; sourceTree = "<group>"; };
		F4664205204AAFE600DA4CCE /* UIButton+YNCButton.h */ = {isa = PBXFileReference; fileEncoding = 4; lastKnownFileType = sourcecode.c.h; path = "UIButton+YNCButton.h"; sourceTree = "<group>"; };
		F482ACD5204A403300029E50 /* ABECam.framework */ = {isa = PBXFileReference; lastKnownFileType = wrapper.framework; path = ABECam.framework; sourceTree = "<group>"; };
		F482ACD7204A682900029E50 /* YNCMacros.h */ = {isa = PBXFileReference; lastKnownFileType = sourcecode.c.h; path = YNCMacros.h; sourceTree = "<group>"; };
		F482ACD8204A6D0400029E50 /* YNCAppConfig.h */ = {isa = PBXFileReference; lastKnownFileType = sourcecode.c.h; path = YNCAppConfig.h; sourceTree = "<group>"; };
		F482ACD9204A6D1E00029E50 /* YNCConst.h */ = {isa = PBXFileReference; lastKnownFileType = sourcecode.c.h; path = YNCConst.h; sourceTree = "<group>"; };
		F482ACDA204A6D1E00029E50 /* YNCConst.m */ = {isa = PBXFileReference; lastKnownFileType = sourcecode.c.objc; path = YNCConst.m; sourceTree = "<group>"; };
		F482ACDC204A6D3600029E50 /* YNCEnum.h */ = {isa = PBXFileReference; lastKnownFileType = sourcecode.c.h; path = YNCEnum.h; sourceTree = "<group>"; };
		F482ACDD204A6D4E00029E50 /* YNCBlock.h */ = {isa = PBXFileReference; lastKnownFileType = sourcecode.c.h; path = YNCBlock.h; sourceTree = "<group>"; };
		F482ACDE204A6D9900029E50 /* YNCURLConfig.h */ = {isa = PBXFileReference; lastKnownFileType = sourcecode.c.h; path = YNCURLConfig.h; sourceTree = "<group>"; };
		F482ACE0204A6F4400029E50 /* YNCSingleton.h */ = {isa = PBXFileReference; fileEncoding = 4; lastKnownFileType = sourcecode.c.h; path = YNCSingleton.h; sourceTree = "<group>"; };
		F482ACE8204A72FC00029E50 /* YNCUtil.h */ = {isa = PBXFileReference; lastKnownFileType = sourcecode.c.h; path = YNCUtil.h; sourceTree = "<group>"; };
		F482ACE9204A72FC00029E50 /* YNCUtil.m */ = {isa = PBXFileReference; lastKnownFileType = sourcecode.c.objc; path = YNCUtil.m; sourceTree = "<group>"; };
		F482ACEC204A78DA00029E50 /* YNCBaseNavigationControllerStack.h */ = {isa = PBXFileReference; lastKnownFileType = sourcecode.c.h; path = YNCBaseNavigationControllerStack.h; sourceTree = "<group>"; };
		F482ACED204A78DA00029E50 /* YNCBaseNavigationControllerStack.m */ = {isa = PBXFileReference; lastKnownFileType = sourcecode.c.objc; path = YNCBaseNavigationControllerStack.m; sourceTree = "<group>"; };
		F482ACF1204A7C0800029E50 /* MainViewController.h */ = {isa = PBXFileReference; fileEncoding = 4; lastKnownFileType = sourcecode.c.h; path = MainViewController.h; sourceTree = "<group>"; };
		F482ACF2204A7C0800029E50 /* MainViewController.m */ = {isa = PBXFileReference; fileEncoding = 4; lastKnownFileType = sourcecode.c.objc; path = MainViewController.m; sourceTree = "<group>"; };
		F482ACF4204A7C4D00029E50 /* YNCVideoPreviewViewController.h */ = {isa = PBXFileReference; lastKnownFileType = sourcecode.c.h; path = YNCVideoPreviewViewController.h; sourceTree = "<group>"; };
		F482ACF5204A7C4D00029E50 /* YNCVideoPreviewViewController.m */ = {isa = PBXFileReference; lastKnownFileType = sourcecode.c.objc; path = YNCVideoPreviewViewController.m; sourceTree = "<group>"; };
		F482ACF8204A83B300029E50 /* YNCABECamManager.h */ = {isa = PBXFileReference; lastKnownFileType = sourcecode.c.h; path = YNCABECamManager.h; sourceTree = "<group>"; };
		F482ACF9204A83B300029E50 /* YNCABECamManager.m */ = {isa = PBXFileReference; lastKnownFileType = sourcecode.c.objc; path = YNCABECamManager.m; sourceTree = "<group>"; };
		F4B7F5C520463B8000B06CEE /* MQX.app */ = {isa = PBXFileReference; explicitFileType = wrapper.application; includeInIndex = 0; path = MQX.app; sourceTree = BUILT_PRODUCTS_DIR; };
		F4B7F5C820463B8000B06CEE /* AppDelegate.h */ = {isa = PBXFileReference; lastKnownFileType = sourcecode.c.h; path = AppDelegate.h; sourceTree = "<group>"; };
		F4B7F5C920463B8000B06CEE /* AppDelegate.m */ = {isa = PBXFileReference; lastKnownFileType = sourcecode.c.objc; path = AppDelegate.m; sourceTree = "<group>"; };
		F4B7F5CF20463B8000B06CEE /* Base */ = {isa = PBXFileReference; lastKnownFileType = file.storyboard; name = Base; path = Base.lproj/Main.storyboard; sourceTree = "<group>"; };
		F4B7F5D120463B8000B06CEE /* Assets.xcassets */ = {isa = PBXFileReference; lastKnownFileType = folder.assetcatalog; path = Assets.xcassets; sourceTree = "<group>"; };
		F4B7F5D420463B8000B06CEE /* Base */ = {isa = PBXFileReference; lastKnownFileType = file.storyboard; name = Base; path = Base.lproj/LaunchScreen.storyboard; sourceTree = "<group>"; };
		F4B7F5D620463B8000B06CEE /* Info.plist */ = {isa = PBXFileReference; lastKnownFileType = text.plist.xml; path = Info.plist; sourceTree = "<group>"; };
		F4B7F5D720463B8000B06CEE /* main.m */ = {isa = PBXFileReference; lastKnownFileType = sourcecode.c.objc; path = main.m; sourceTree = "<group>"; };
		F4B7F5DD20463B8000B06CEE /* MQXTests.xctest */ = {isa = PBXFileReference; explicitFileType = wrapper.cfbundle; includeInIndex = 0; path = MQXTests.xctest; sourceTree = BUILT_PRODUCTS_DIR; };
		F4B7F5E120463B8000B06CEE /* MQXTests.m */ = {isa = PBXFileReference; lastKnownFileType = sourcecode.c.objc; path = MQXTests.m; sourceTree = "<group>"; };
		F4B7F5E320463B8000B06CEE /* Info.plist */ = {isa = PBXFileReference; lastKnownFileType = text.plist.xml; path = Info.plist; sourceTree = "<group>"; };
		F4B7F5E820463B8100B06CEE /* MQXUITests.xctest */ = {isa = PBXFileReference; explicitFileType = wrapper.cfbundle; includeInIndex = 0; path = MQXUITests.xctest; sourceTree = BUILT_PRODUCTS_DIR; };
		F4B7F5EC20463B8100B06CEE /* MQXUITests.m */ = {isa = PBXFileReference; lastKnownFileType = sourcecode.c.objc; path = MQXUITests.m; sourceTree = "<group>"; };
		F4B7F5EE20463B8100B06CEE /* Info.plist */ = {isa = PBXFileReference; lastKnownFileType = text.plist.xml; path = Info.plist; sourceTree = "<group>"; };
/* End PBXFileReference section */

/* Begin PBXFrameworksBuildPhase section */
		F4B7F5C220463B8000B06CEE /* Frameworks */ = {
			isa = PBXFrameworksBuildPhase;
			buildActionMask = 2147483647;
			files = (
				D8D212EC9FA78396A8372755 /* libPods-MQX.a in Frameworks */,
				F46641E1204AA07400DA4CCE /* ABECam.framework in Frameworks */,
			);
			runOnlyForDeploymentPostprocessing = 0;
		};
		F4B7F5DA20463B8000B06CEE /* Frameworks */ = {
			isa = PBXFrameworksBuildPhase;
			buildActionMask = 2147483647;
			files = (
			);
			runOnlyForDeploymentPostprocessing = 0;
		};
		F4B7F5E520463B8100B06CEE /* Frameworks */ = {
			isa = PBXFrameworksBuildPhase;
			buildActionMask = 2147483647;
			files = (
			);
			runOnlyForDeploymentPostprocessing = 0;
		};
/* End PBXFrameworksBuildPhase section */

/* Begin PBXGroup section */
		DED28BE5DF4D2DEBF7ABC81B /* Frameworks */ = {
			isa = PBXGroup;
			children = (
				80EE210233C280BA3763F0E7 /* libPods-MQX.a */,
			);
			name = Frameworks;
			sourceTree = "<group>";
		};
		ECDE4F8590148917D54E9AE7 /* Pods */ = {
			isa = PBXGroup;
			children = (
				412D59867CEB8D47C4686724 /* Pods-MQX.debug.xcconfig */,
				88825A89DA548D527E95DEEC /* Pods-MQX.release.xcconfig */,
			);
			name = Pods;
			sourceTree = "<group>";
		};
		F46641E4204AABF600DA4CCE /* CameraTool */ = {
			isa = PBXGroup;
			children = (
				F46641F9204AAC8400DA4CCE /* YNCCameraToolView.h */,
				F46641FA204AAC8400DA4CCE /* YNCCameraToolView.m */,
				F4664201204AACC900DA4CCE /* YNCVideoTimeView.xib */,
				F46641FC204AACA600DA4CCE /* YNCVideoTimeView.h */,
				F46641FD204AACA600DA4CCE /* YNCVideoTimeView.m */,
				F46641FF204AACBD00DA4CCE /* YNCCameraToolView.xib */,
			);
			path = CameraTool;
			sourceTree = "<group>";
		};
		F4664203204AAFDA00DA4CCE /* YNCButton */ = {
			isa = PBXGroup;
			children = (
				F4664205204AAFE600DA4CCE /* UIButton+YNCButton.h */,
				F4664204204AAFE600DA4CCE /* UIButton+YNCButton.m */,
			);
			path = YNCButton;
			sourceTree = "<group>";
		};
		F482ACCD204A3FCD00029E50 /* Resource */ = {
			isa = PBXGroup;
			children = (
			);
			path = Resource;
			sourceTree = "<group>";
		};
		F482ACCE204A3FCD00029E50 /* Macros */ = {
			isa = PBXGroup;
			children = (
				F482ACD7204A682900029E50 /* YNCMacros.h */,
				F482ACD8204A6D0400029E50 /* YNCAppConfig.h */,
				F482ACD9204A6D1E00029E50 /* YNCConst.h */,
				F482ACDA204A6D1E00029E50 /* YNCConst.m */,
				F482ACDC204A6D3600029E50 /* YNCEnum.h */,
				F482ACDD204A6D4E00029E50 /* YNCBlock.h */,
				F482ACDE204A6D9900029E50 /* YNCURLConfig.h */,
			);
			path = Macros;
			sourceTree = "<group>";
		};
		F482ACCF204A3FCD00029E50 /* Utils */ = {
			isa = PBXGroup;
			children = (
				F482ACE5204A709000029E50 /* Category */,
				F482ACE4204A709000029E50 /* Helper */,
				F482ACE1204A709000029E50 /* Manager */,
				F482ACE2204A709000029E50 /* Protocol */,
				F482ACE3204A709000029E50 /* Router */,
				F482ACE7204A709000029E50 /* Service */,
				F482ACE6204A709000029E50 /* Util */,
				F482ACDF204A6F3800029E50 /* Singleton */,
			);
			path = Utils;
			sourceTree = "<group>";
		};
		F482ACD0204A3FCD00029E50 /* ViewController */ = {
			isa = PBXGroup;
			children = (
				F482ACEF204A7B5B00029E50 /* Main */,
				F482ACF0204A7B5B00029E50 /* VideoPreview */,
				F482ACEB204A787200029E50 /* BaseClass */,
			);
			path = ViewController;
			sourceTree = "<group>";
		};
		F482ACD1204A3FCD00029E50 /* View */ = {
			isa = PBXGroup;
			children = (
				F46641E4204AABF600DA4CCE /* CameraTool */,
			);
			path = View;
			sourceTree = "<group>";
		};
		F482ACD2204A3FCD00029E50 /* Model */ = {
			isa = PBXGroup;
			children = (
			);
			path = Model;
			sourceTree = "<group>";
		};
		F482ACD3204A3FCD00029E50 /* ViewModel */ = {
			isa = PBXGroup;
			children = (
			);
			path = ViewModel;
			sourceTree = "<group>";
		};
		F482ACD4204A3FCE00029E50 /* Vendor */ = {
			isa = PBXGroup;
			children = (
				F482ACD5204A403300029E50 /* ABECam.framework */,
			);
			path = Vendor;
			sourceTree = "<group>";
		};
		F482ACDF204A6F3800029E50 /* Singleton */ = {
			isa = PBXGroup;
			children = (
				F482ACE0204A6F4400029E50 /* YNCSingleton.h */,
			);
			path = Singleton;
			sourceTree = "<group>";
		};
		F482ACE1204A709000029E50 /* Manager */ = {
			isa = PBXGroup;
			children = (
				F482ACF7204A82B400029E50 /* ABECam */,
			);
			path = Manager;
			sourceTree = "<group>";
		};
		F482ACE2204A709000029E50 /* Protocol */ = {
			isa = PBXGroup;
			children = (
			);
			path = Protocol;
			sourceTree = "<group>";
		};
		F482ACE3204A709000029E50 /* Router */ = {
			isa = PBXGroup;
			children = (
			);
			path = Router;
			sourceTree = "<group>";
		};
		F482ACE4204A709000029E50 /* Helper */ = {
			isa = PBXGroup;
			children = (
			);
			path = Helper;
			sourceTree = "<group>";
		};
		F482ACE5204A709000029E50 /* Category */ = {
			isa = PBXGroup;
			children = (
				F4664203204AAFDA00DA4CCE /* YNCButton */,
			);
			path = Category;
			sourceTree = "<group>";
		};
		F482ACE6204A709000029E50 /* Util */ = {
			isa = PBXGroup;
			children = (
				F482ACE8204A72FC00029E50 /* YNCUtil.h */,
				F482ACE9204A72FC00029E50 /* YNCUtil.m */,
			);
			path = Util;
			sourceTree = "<group>";
		};
		F482ACE7204A709000029E50 /* Service */ = {
			isa = PBXGroup;
			children = (
			);
			path = Service;
			sourceTree = "<group>";
		};
		F482ACEB204A787200029E50 /* BaseClass */ = {
			isa = PBXGroup;
			children = (
				F482ACEC204A78DA00029E50 /* YNCBaseNavigationControllerStack.h */,
				F482ACED204A78DA00029E50 /* YNCBaseNavigationControllerStack.m */,
			);
			path = BaseClass;
			sourceTree = "<group>";
		};
		F482ACEF204A7B5B00029E50 /* Main */ = {
			isa = PBXGroup;
			children = (
				F482ACF1204A7C0800029E50 /* MainViewController.h */,
				F482ACF2204A7C0800029E50 /* MainViewController.m */,
				F46641DE204A972800DA4CCE /* YNCMqxViewController.h */,
				F46641DF204A972800DA4CCE /* YNCMqxViewController.m */,
			);
			path = Main;
			sourceTree = "<group>";
		};
		F482ACF0204A7B5B00029E50 /* VideoPreview */ = {
			isa = PBXGroup;
			children = (
				F482ACF4204A7C4D00029E50 /* YNCVideoPreviewViewController.h */,
				F482ACF5204A7C4D00029E50 /* YNCVideoPreviewViewController.m */,
			);
			path = VideoPreview;
			sourceTree = "<group>";
		};
		F482ACF7204A82B400029E50 /* ABECam */ = {
			isa = PBXGroup;
			children = (
				F482ACF8204A83B300029E50 /* YNCABECamManager.h */,
				F482ACF9204A83B300029E50 /* YNCABECamManager.m */,
			);
			path = ABECam;
			sourceTree = "<group>";
		};
		F4B7F5BC20463B8000B06CEE = {
			isa = PBXGroup;
			children = (
				F4B7F5C720463B8000B06CEE /* MQX */,
				F4B7F5E020463B8000B06CEE /* MQXTests */,
				F4B7F5EB20463B8100B06CEE /* MQXUITests */,
				F4B7F5C620463B8000B06CEE /* Products */,
				ECDE4F8590148917D54E9AE7 /* Pods */,
				DED28BE5DF4D2DEBF7ABC81B /* Frameworks */,
			);
			sourceTree = "<group>";
		};
		F4B7F5C620463B8000B06CEE /* Products */ = {
			isa = PBXGroup;
			children = (
				F4B7F5C520463B8000B06CEE /* MQX.app */,
				F4B7F5DD20463B8000B06CEE /* MQXTests.xctest */,
				F4B7F5E820463B8100B06CEE /* MQXUITests.xctest */,
			);
			name = Products;
			sourceTree = "<group>";
		};
		F4B7F5C720463B8000B06CEE /* MQX */ = {
			isa = PBXGroup;
			children = (
				F482ACD2204A3FCD00029E50 /* Model */,
				F482ACD1204A3FCD00029E50 /* View */,
				F482ACD0204A3FCD00029E50 /* ViewController */,
				F482ACD3204A3FCD00029E50 /* ViewModel */,
				F482ACCF204A3FCD00029E50 /* Utils */,
				F482ACD4204A3FCE00029E50 /* Vendor */,
				F482ACCE204A3FCD00029E50 /* Macros */,
				F482ACCD204A3FCD00029E50 /* Resource */,
				F4B7F5C820463B8000B06CEE /* AppDelegate.h */,
				F4B7F5C920463B8000B06CEE /* AppDelegate.m */,
				F4B7F5CE20463B8000B06CEE /* Main.storyboard */,
				F4B7F5D120463B8000B06CEE /* Assets.xcassets */,
				F4B7F5D320463B8000B06CEE /* LaunchScreen.storyboard */,
				F4B7F5D620463B8000B06CEE /* Info.plist */,
				F4B7F5D720463B8000B06CEE /* main.m */,
			);
			path = MQX;
			sourceTree = "<group>";
		};
		F4B7F5E020463B8000B06CEE /* MQXTests */ = {
			isa = PBXGroup;
			children = (
				F4B7F5E120463B8000B06CEE /* MQXTests.m */,
				F4B7F5E320463B8000B06CEE /* Info.plist */,
			);
			path = MQXTests;
			sourceTree = "<group>";
		};
		F4B7F5EB20463B8100B06CEE /* MQXUITests */ = {
			isa = PBXGroup;
			children = (
				F4B7F5EC20463B8100B06CEE /* MQXUITests.m */,
				F4B7F5EE20463B8100B06CEE /* Info.plist */,
			);
			path = MQXUITests;
			sourceTree = "<group>";
		};
/* End PBXGroup section */

/* Begin PBXNativeTarget section */
		F4B7F5C420463B8000B06CEE /* MQX */ = {
			isa = PBXNativeTarget;
			buildConfigurationList = F4B7F5F120463B8100B06CEE /* Build configuration list for PBXNativeTarget "MQX" */;
			buildPhases = (
				77C67240540FEA6BAF7C122D /* [CP] Check Pods Manifest.lock */,
				F4B7F5C120463B8000B06CEE /* Sources */,
				F4B7F5C220463B8000B06CEE /* Frameworks */,
				F4B7F5C320463B8000B06CEE /* Resources */,
				588270316B76C2D5E76A1CBA /* [CP] Embed Pods Frameworks */,
				8E2DCF15F2C0C0A77200F3C5 /* [CP] Copy Pods Resources */,
				F46641E3204AA07500DA4CCE /* Embed Frameworks */,
			);
			buildRules = (
			);
			dependencies = (
			);
			name = MQX;
			productName = MQX;
			productReference = F4B7F5C520463B8000B06CEE /* MQX.app */;
			productType = "com.apple.product-type.application";
		};
		F4B7F5DC20463B8000B06CEE /* MQXTests */ = {
			isa = PBXNativeTarget;
			buildConfigurationList = F4B7F5F420463B8100B06CEE /* Build configuration list for PBXNativeTarget "MQXTests" */;
			buildPhases = (
				F4B7F5D920463B8000B06CEE /* Sources */,
				F4B7F5DA20463B8000B06CEE /* Frameworks */,
				F4B7F5DB20463B8000B06CEE /* Resources */,
			);
			buildRules = (
			);
			dependencies = (
				F4B7F5DF20463B8000B06CEE /* PBXTargetDependency */,
			);
			name = MQXTests;
			productName = MQXTests;
			productReference = F4B7F5DD20463B8000B06CEE /* MQXTests.xctest */;
			productType = "com.apple.product-type.bundle.unit-test";
		};
		F4B7F5E720463B8100B06CEE /* MQXUITests */ = {
			isa = PBXNativeTarget;
			buildConfigurationList = F4B7F5F720463B8100B06CEE /* Build configuration list for PBXNativeTarget "MQXUITests" */;
			buildPhases = (
				F4B7F5E420463B8100B06CEE /* Sources */,
				F4B7F5E520463B8100B06CEE /* Frameworks */,
				F4B7F5E620463B8100B06CEE /* Resources */,
			);
			buildRules = (
			);
			dependencies = (
				F4B7F5EA20463B8100B06CEE /* PBXTargetDependency */,
			);
			name = MQXUITests;
			productName = MQXUITests;
			productReference = F4B7F5E820463B8100B06CEE /* MQXUITests.xctest */;
			productType = "com.apple.product-type.bundle.ui-testing";
		};
/* End PBXNativeTarget section */

/* Begin PBXProject section */
		F4B7F5BD20463B8000B06CEE /* Project object */ = {
			isa = PBXProject;
			attributes = {
				LastUpgradeCheck = 0920;
				ORGANIZATIONNAME = YunEEC;
				TargetAttributes = {
					F4B7F5C420463B8000B06CEE = {
						CreatedOnToolsVersion = 9.2;
						ProvisioningStyle = Automatic;
					};
					F4B7F5DC20463B8000B06CEE = {
						CreatedOnToolsVersion = 9.2;
						ProvisioningStyle = Automatic;
						TestTargetID = F4B7F5C420463B8000B06CEE;
					};
					F4B7F5E720463B8100B06CEE = {
						CreatedOnToolsVersion = 9.2;
						ProvisioningStyle = Automatic;
						TestTargetID = F4B7F5C420463B8000B06CEE;
					};
				};
			};
			buildConfigurationList = F4B7F5C020463B8000B06CEE /* Build configuration list for PBXProject "MQX" */;
			compatibilityVersion = "Xcode 8.0";
			developmentRegion = en;
			hasScannedForEncodings = 0;
			knownRegions = (
				en,
				Base,
			);
			mainGroup = F4B7F5BC20463B8000B06CEE;
			productRefGroup = F4B7F5C620463B8000B06CEE /* Products */;
			projectDirPath = "";
			projectRoot = "";
			targets = (
				F4B7F5C420463B8000B06CEE /* MQX */,
				F4B7F5DC20463B8000B06CEE /* MQXTests */,
				F4B7F5E720463B8100B06CEE /* MQXUITests */,
			);
		};
/* End PBXProject section */

/* Begin PBXResourcesBuildPhase section */
		F4B7F5C320463B8000B06CEE /* Resources */ = {
			isa = PBXResourcesBuildPhase;
			buildActionMask = 2147483647;
			files = (
				F4B7F5D520463B8000B06CEE /* LaunchScreen.storyboard in Resources */,
				F4B7F5D220463B8000B06CEE /* Assets.xcassets in Resources */,
				F4664200204AACBD00DA4CCE /* YNCCameraToolView.xib in Resources */,
				F4B7F5D020463B8000B06CEE /* Main.storyboard in Resources */,
				F4664202204AACCA00DA4CCE /* YNCVideoTimeView.xib in Resources */,
			);
			runOnlyForDeploymentPostprocessing = 0;
		};
		F4B7F5DB20463B8000B06CEE /* Resources */ = {
			isa = PBXResourcesBuildPhase;
			buildActionMask = 2147483647;
			files = (
			);
			runOnlyForDeploymentPostprocessing = 0;
		};
		F4B7F5E620463B8100B06CEE /* Resources */ = {
			isa = PBXResourcesBuildPhase;
			buildActionMask = 2147483647;
			files = (
			);
			runOnlyForDeploymentPostprocessing = 0;
		};
/* End PBXResourcesBuildPhase section */

/* Begin PBXShellScriptBuildPhase section */
		588270316B76C2D5E76A1CBA /* [CP] Embed Pods Frameworks */ = {
			isa = PBXShellScriptBuildPhase;
			buildActionMask = 2147483647;
			files = (
			);
			inputPaths = (
			);
			name = "[CP] Embed Pods Frameworks";
			outputPaths = (
			);
			runOnlyForDeploymentPostprocessing = 0;
			shellPath = /bin/sh;
			shellScript = "\"${SRCROOT}/Pods/Target Support Files/Pods-MQX/Pods-MQX-frameworks.sh\"\n";
			showEnvVarsInLog = 0;
		};
		77C67240540FEA6BAF7C122D /* [CP] Check Pods Manifest.lock */ = {
			isa = PBXShellScriptBuildPhase;
			buildActionMask = 2147483647;
			files = (
			);
			inputPaths = (
				"${PODS_PODFILE_DIR_PATH}/Podfile.lock",
				"${PODS_ROOT}/Manifest.lock",
			);
			name = "[CP] Check Pods Manifest.lock";
			outputPaths = (
				"$(DERIVED_FILE_DIR)/Pods-MQX-checkManifestLockResult.txt",
			);
			runOnlyForDeploymentPostprocessing = 0;
			shellPath = /bin/sh;
			shellScript = "diff \"${PODS_PODFILE_DIR_PATH}/Podfile.lock\" \"${PODS_ROOT}/Manifest.lock\" > /dev/null\nif [ $? != 0 ] ; then\n    # print error to STDERR\n    echo \"error: The sandbox is not in sync with the Podfile.lock. Run 'pod install' or update your CocoaPods installation.\" >&2\n    exit 1\nfi\n# This output is used by Xcode 'outputs' to avoid re-running this script phase.\necho \"SUCCESS\" > \"${SCRIPT_OUTPUT_FILE_0}\"\n";
			showEnvVarsInLog = 0;
		};
		8E2DCF15F2C0C0A77200F3C5 /* [CP] Copy Pods Resources */ = {
			isa = PBXShellScriptBuildPhase;
			buildActionMask = 2147483647;
			files = (
			);
			inputPaths = (
				"${SRCROOT}/Pods/Target Support Files/Pods-MQX/Pods-MQX-resources.sh",
				"${PODS_ROOT}/GPUImage/framework/Resources/lookup.png",
				"${PODS_ROOT}/GPUImage/framework/Resources/lookup_amatorka.png",
				"${PODS_ROOT}/GPUImage/framework/Resources/lookup_miss_etikate.png",
				"${PODS_ROOT}/GPUImage/framework/Resources/lookup_soft_elegance_1.png",
				"${PODS_ROOT}/GPUImage/framework/Resources/lookup_soft_elegance_2.png",
				"${PODS_ROOT}/SVProgressHUD/SVProgressHUD/SVProgressHUD.bundle",
			);
			name = "[CP] Copy Pods Resources";
			outputPaths = (
				"${TARGET_BUILD_DIR}/${UNLOCALIZED_RESOURCES_FOLDER_PATH}",
			);
			runOnlyForDeploymentPostprocessing = 0;
			shellPath = /bin/sh;
			shellScript = "\"${SRCROOT}/Pods/Target Support Files/Pods-MQX/Pods-MQX-resources.sh\"\n";
			showEnvVarsInLog = 0;
		};
/* End PBXShellScriptBuildPhase section */

/* Begin PBXSourcesBuildPhase section */
		F4B7F5C120463B8000B06CEE /* Sources */ = {
			isa = PBXSourcesBuildPhase;
			buildActionMask = 2147483647;
			files = (
				F482ACF6204A7C4D00029E50 /* YNCVideoPreviewViewController.m in Sources */,
				F4B7F5D820463B8000B06CEE /* main.m in Sources */,
				F4664206204AAFE600DA4CCE /* UIButton+YNCButton.m in Sources */,
				F482ACF3204A7C0800029E50 /* MainViewController.m in Sources */,
				F482ACFA204A83B300029E50 /* YNCABECamManager.m in Sources */,
				F482ACEE204A78DA00029E50 /* YNCBaseNavigationControllerStack.m in Sources */,
				F46641FE204AACA600DA4CCE /* YNCVideoTimeView.m in Sources */,
				F482ACDB204A6D1E00029E50 /* YNCConst.m in Sources */,
				F46641FB204AAC8400DA4CCE /* YNCCameraToolView.m in Sources */,
				F46641E0204A972800DA4CCE /* YNCMqxViewController.m in Sources */,
				F482ACEA204A72FC00029E50 /* YNCUtil.m in Sources */,
				F4B7F5CA20463B8000B06CEE /* AppDelegate.m in Sources */,
			);
			runOnlyForDeploymentPostprocessing = 0;
		};
		F4B7F5D920463B8000B06CEE /* Sources */ = {
			isa = PBXSourcesBuildPhase;
			buildActionMask = 2147483647;
			files = (
				F4B7F5E220463B8000B06CEE /* MQXTests.m in Sources */,
			);
			runOnlyForDeploymentPostprocessing = 0;
		};
		F4B7F5E420463B8100B06CEE /* Sources */ = {
			isa = PBXSourcesBuildPhase;
			buildActionMask = 2147483647;
			files = (
				F4B7F5ED20463B8100B06CEE /* MQXUITests.m in Sources */,
			);
			runOnlyForDeploymentPostprocessing = 0;
		};
/* End PBXSourcesBuildPhase section */

/* Begin PBXTargetDependency section */
		F4B7F5DF20463B8000B06CEE /* PBXTargetDependency */ = {
			isa = PBXTargetDependency;
			target = F4B7F5C420463B8000B06CEE /* MQX */;
			targetProxy = F4B7F5DE20463B8000B06CEE /* PBXContainerItemProxy */;
		};
		F4B7F5EA20463B8100B06CEE /* PBXTargetDependency */ = {
			isa = PBXTargetDependency;
			target = F4B7F5C420463B8000B06CEE /* MQX */;
			targetProxy = F4B7F5E920463B8100B06CEE /* PBXContainerItemProxy */;
		};
/* End PBXTargetDependency section */

/* Begin PBXVariantGroup section */
		F4B7F5CE20463B8000B06CEE /* Main.storyboard */ = {
			isa = PBXVariantGroup;
			children = (
				F4B7F5CF20463B8000B06CEE /* Base */,
			);
			name = Main.storyboard;
			sourceTree = "<group>";
		};
		F4B7F5D320463B8000B06CEE /* LaunchScreen.storyboard */ = {
			isa = PBXVariantGroup;
			children = (
				F4B7F5D420463B8000B06CEE /* Base */,
			);
			name = LaunchScreen.storyboard;
			sourceTree = "<group>";
		};
/* End PBXVariantGroup section */

/* Begin XCBuildConfiguration section */
		F4B7F5EF20463B8100B06CEE /* Debug */ = {
			isa = XCBuildConfiguration;
			buildSettings = {
				ALWAYS_SEARCH_USER_PATHS = NO;
				CLANG_ANALYZER_NONNULL = YES;
				CLANG_ANALYZER_NUMBER_OBJECT_CONVERSION = YES_AGGRESSIVE;
				CLANG_CXX_LANGUAGE_STANDARD = "gnu++14";
				CLANG_CXX_LIBRARY = "libc++";
				CLANG_ENABLE_MODULES = YES;
				CLANG_ENABLE_OBJC_ARC = YES;
				CLANG_WARN_BLOCK_CAPTURE_AUTORELEASING = YES;
				CLANG_WARN_BOOL_CONVERSION = YES;
				CLANG_WARN_COMMA = YES;
				CLANG_WARN_CONSTANT_CONVERSION = YES;
				CLANG_WARN_DIRECT_OBJC_ISA_USAGE = YES_ERROR;
				CLANG_WARN_DOCUMENTATION_COMMENTS = YES;
				CLANG_WARN_EMPTY_BODY = YES;
				CLANG_WARN_ENUM_CONVERSION = YES;
				CLANG_WARN_INFINITE_RECURSION = YES;
				CLANG_WARN_INT_CONVERSION = YES;
				CLANG_WARN_NON_LITERAL_NULL_CONVERSION = YES;
				CLANG_WARN_OBJC_LITERAL_CONVERSION = YES;
				CLANG_WARN_OBJC_ROOT_CLASS = YES_ERROR;
				CLANG_WARN_RANGE_LOOP_ANALYSIS = YES;
				CLANG_WARN_STRICT_PROTOTYPES = YES;
				CLANG_WARN_SUSPICIOUS_MOVE = YES;
				CLANG_WARN_UNGUARDED_AVAILABILITY = YES_AGGRESSIVE;
				CLANG_WARN_UNREACHABLE_CODE = YES;
				CLANG_WARN__DUPLICATE_METHOD_MATCH = YES;
				CODE_SIGN_IDENTITY = "iPhone Developer";
				COPY_PHASE_STRIP = NO;
				DEBUG_INFORMATION_FORMAT = dwarf;
				ENABLE_STRICT_OBJC_MSGSEND = YES;
				ENABLE_TESTABILITY = YES;
				GCC_C_LANGUAGE_STANDARD = gnu11;
				GCC_DYNAMIC_NO_PIC = NO;
				GCC_NO_COMMON_BLOCKS = YES;
				GCC_OPTIMIZATION_LEVEL = 0;
				GCC_PREPROCESSOR_DEFINITIONS = (
					"DEBUG=1",
					"$(inherited)",
				);
				GCC_WARN_64_TO_32_BIT_CONVERSION = YES;
				GCC_WARN_ABOUT_RETURN_TYPE = YES_ERROR;
				GCC_WARN_UNDECLARED_SELECTOR = YES;
				GCC_WARN_UNINITIALIZED_AUTOS = YES_AGGRESSIVE;
				GCC_WARN_UNUSED_FUNCTION = YES;
				GCC_WARN_UNUSED_VARIABLE = YES;
				IPHONEOS_DEPLOYMENT_TARGET = 10.0;
				MTL_ENABLE_DEBUG_INFO = YES;
				ONLY_ACTIVE_ARCH = YES;
				SDKROOT = iphoneos;
			};
			name = Debug;
		};
		F4B7F5F020463B8100B06CEE /* Release */ = {
			isa = XCBuildConfiguration;
			buildSettings = {
				ALWAYS_SEARCH_USER_PATHS = NO;
				CLANG_ANALYZER_NONNULL = YES;
				CLANG_ANALYZER_NUMBER_OBJECT_CONVERSION = YES_AGGRESSIVE;
				CLANG_CXX_LANGUAGE_STANDARD = "gnu++14";
				CLANG_CXX_LIBRARY = "libc++";
				CLANG_ENABLE_MODULES = YES;
				CLANG_ENABLE_OBJC_ARC = YES;
				CLANG_WARN_BLOCK_CAPTURE_AUTORELEASING = YES;
				CLANG_WARN_BOOL_CONVERSION = YES;
				CLANG_WARN_COMMA = YES;
				CLANG_WARN_CONSTANT_CONVERSION = YES;
				CLANG_WARN_DIRECT_OBJC_ISA_USAGE = YES_ERROR;
				CLANG_WARN_DOCUMENTATION_COMMENTS = YES;
				CLANG_WARN_EMPTY_BODY = YES;
				CLANG_WARN_ENUM_CONVERSION = YES;
				CLANG_WARN_INFINITE_RECURSION = YES;
				CLANG_WARN_INT_CONVERSION = YES;
				CLANG_WARN_NON_LITERAL_NULL_CONVERSION = YES;
				CLANG_WARN_OBJC_LITERAL_CONVERSION = YES;
				CLANG_WARN_OBJC_ROOT_CLASS = YES_ERROR;
				CLANG_WARN_RANGE_LOOP_ANALYSIS = YES;
				CLANG_WARN_STRICT_PROTOTYPES = YES;
				CLANG_WARN_SUSPICIOUS_MOVE = YES;
				CLANG_WARN_UNGUARDED_AVAILABILITY = YES_AGGRESSIVE;
				CLANG_WARN_UNREACHABLE_CODE = YES;
				CLANG_WARN__DUPLICATE_METHOD_MATCH = YES;
				CODE_SIGN_IDENTITY = "iPhone Developer";
				COPY_PHASE_STRIP = NO;
				DEBUG_INFORMATION_FORMAT = "dwarf-with-dsym";
				ENABLE_NS_ASSERTIONS = NO;
				ENABLE_STRICT_OBJC_MSGSEND = YES;
				GCC_C_LANGUAGE_STANDARD = gnu11;
				GCC_NO_COMMON_BLOCKS = YES;
				GCC_WARN_64_TO_32_BIT_CONVERSION = YES;
				GCC_WARN_ABOUT_RETURN_TYPE = YES_ERROR;
				GCC_WARN_UNDECLARED_SELECTOR = YES;
				GCC_WARN_UNINITIALIZED_AUTOS = YES_AGGRESSIVE;
				GCC_WARN_UNUSED_FUNCTION = YES;
				GCC_WARN_UNUSED_VARIABLE = YES;
				IPHONEOS_DEPLOYMENT_TARGET = 10.0;
				MTL_ENABLE_DEBUG_INFO = NO;
				SDKROOT = iphoneos;
				VALIDATE_PRODUCT = YES;
			};
			name = Release;
		};
		F4B7F5F220463B8100B06CEE /* Debug */ = {
			isa = XCBuildConfiguration;
			baseConfigurationReference = 412D59867CEB8D47C4686724 /* Pods-MQX.debug.xcconfig */;
			buildSettings = {
				ASSETCATALOG_COMPILER_APPICON_NAME = AppIcon;
				CODE_SIGN_STYLE = Automatic;
				DEVELOPMENT_TEAM = 7TWV6233J9;
				ENABLE_BITCODE = NO;
				FRAMEWORK_SEARCH_PATHS = (
					"$(inherited)",
					"$(PROJECT_DIR)/MQX/Vendor",
				);
				INFOPLIST_FILE = MQX/Info.plist;
				IPHONEOS_DEPLOYMENT_TARGET = 10.0;
				LD_RUNPATH_SEARCH_PATHS = "$(inherited) @executable_path/Frameworks";
				PRODUCT_BUNDLE_IDENTIFIER = com.yuneec.MQX;
				PRODUCT_NAME = "$(TARGET_NAME)";
				TARGETED_DEVICE_FAMILY = "1,2";
			};
			name = Debug;
		};
		F4B7F5F320463B8100B06CEE /* Release */ = {
			isa = XCBuildConfiguration;
			baseConfigurationReference = 88825A89DA548D527E95DEEC /* Pods-MQX.release.xcconfig */;
			buildSettings = {
				ASSETCATALOG_COMPILER_APPICON_NAME = AppIcon;
				CODE_SIGN_STYLE = Automatic;
				DEVELOPMENT_TEAM = 7TWV6233J9;
				ENABLE_BITCODE = NO;
				FRAMEWORK_SEARCH_PATHS = (
					"$(inherited)",
					"$(PROJECT_DIR)/MQX/Vendor",
				);
				INFOPLIST_FILE = MQX/Info.plist;
				IPHONEOS_DEPLOYMENT_TARGET = 10.0;
				LD_RUNPATH_SEARCH_PATHS = "$(inherited) @executable_path/Frameworks";
				PRODUCT_BUNDLE_IDENTIFIER = com.yuneec.MQX;
				PRODUCT_NAME = "$(TARGET_NAME)";
				TARGETED_DEVICE_FAMILY = "1,2";
			};
			name = Release;
		};
		F4B7F5F520463B8100B06CEE /* Debug */ = {
			isa = XCBuildConfiguration;
			buildSettings = {
				BUNDLE_LOADER = "$(TEST_HOST)";
				CODE_SIGN_STYLE = Automatic;
				DEVELOPMENT_TEAM = 7TWV6233J9;
				INFOPLIST_FILE = MQXTests/Info.plist;
				LD_RUNPATH_SEARCH_PATHS = "$(inherited) @executable_path/Frameworks @loader_path/Frameworks";
				PRODUCT_BUNDLE_IDENTIFIER = com.yuneec.MQXTests;
				PRODUCT_NAME = "$(TARGET_NAME)";
				TARGETED_DEVICE_FAMILY = "1,2";
				TEST_HOST = "$(BUILT_PRODUCTS_DIR)/MQX.app/MQX";
			};
			name = Debug;
		};
		F4B7F5F620463B8100B06CEE /* Release */ = {
			isa = XCBuildConfiguration;
			buildSettings = {
				BUNDLE_LOADER = "$(TEST_HOST)";
				CODE_SIGN_STYLE = Automatic;
				DEVELOPMENT_TEAM = 7TWV6233J9;
				INFOPLIST_FILE = MQXTests/Info.plist;
				LD_RUNPATH_SEARCH_PATHS = "$(inherited) @executable_path/Frameworks @loader_path/Frameworks";
				PRODUCT_BUNDLE_IDENTIFIER = com.yuneec.MQXTests;
				PRODUCT_NAME = "$(TARGET_NAME)";
				TARGETED_DEVICE_FAMILY = "1,2";
				TEST_HOST = "$(BUILT_PRODUCTS_DIR)/MQX.app/MQX";
			};
			name = Release;
		};
		F4B7F5F820463B8100B06CEE /* Debug */ = {
			isa = XCBuildConfiguration;
			buildSettings = {
				CODE_SIGN_STYLE = Automatic;
				DEVELOPMENT_TEAM = 7TWV6233J9;
				INFOPLIST_FILE = MQXUITests/Info.plist;
				LD_RUNPATH_SEARCH_PATHS = "$(inherited) @executable_path/Frameworks @loader_path/Frameworks";
				PRODUCT_BUNDLE_IDENTIFIER = com.yuneec.MQXUITests;
				PRODUCT_NAME = "$(TARGET_NAME)";
				TARGETED_DEVICE_FAMILY = "1,2";
				TEST_TARGET_NAME = MQX;
			};
			name = Debug;
		};
		F4B7F5F920463B8100B06CEE /* Release */ = {
			isa = XCBuildConfiguration;
			buildSettings = {
				CODE_SIGN_STYLE = Automatic;
				DEVELOPMENT_TEAM = 7TWV6233J9;
				INFOPLIST_FILE = MQXUITests/Info.plist;
				LD_RUNPATH_SEARCH_PATHS = "$(inherited) @executable_path/Frameworks @loader_path/Frameworks";
				PRODUCT_BUNDLE_IDENTIFIER = com.yuneec.MQXUITests;
				PRODUCT_NAME = "$(TARGET_NAME)";
				TARGETED_DEVICE_FAMILY = "1,2";
				TEST_TARGET_NAME = MQX;
			};
			name = Release;
		};
/* End XCBuildConfiguration section */

/* Begin XCConfigurationList section */
		F4B7F5C020463B8000B06CEE /* Build configuration list for PBXProject "MQX" */ = {
			isa = XCConfigurationList;
			buildConfigurations = (
				F4B7F5EF20463B8100B06CEE /* Debug */,
				F4B7F5F020463B8100B06CEE /* Release */,
			);
			defaultConfigurationIsVisible = 0;
			defaultConfigurationName = Release;
		};
		F4B7F5F120463B8100B06CEE /* Build configuration list for PBXNativeTarget "MQX" */ = {
			isa = XCConfigurationList;
			buildConfigurations = (
				F4B7F5F220463B8100B06CEE /* Debug */,
				F4B7F5F320463B8100B06CEE /* Release */,
			);
			defaultConfigurationIsVisible = 0;
			defaultConfigurationName = Release;
		};
		F4B7F5F420463B8100B06CEE /* Build configuration list for PBXNativeTarget "MQXTests" */ = {
			isa = XCConfigurationList;
			buildConfigurations = (
				F4B7F5F520463B8100B06CEE /* Debug */,
				F4B7F5F620463B8100B06CEE /* Release */,
			);
			defaultConfigurationIsVisible = 0;
			defaultConfigurationName = Release;
		};
		F4B7F5F720463B8100B06CEE /* Build configuration list for PBXNativeTarget "MQXUITests" */ = {
			isa = XCConfigurationList;
			buildConfigurations = (
				F4B7F5F820463B8100B06CEE /* Debug */,
				F4B7F5F920463B8100B06CEE /* Release */,
			);
			defaultConfigurationIsVisible = 0;
			defaultConfigurationName = Release;
		};
/* End XCConfigurationList section */
	};
	rootObject = F4B7F5BD20463B8000B06CEE /* Project object */;
}
